
Microsoft Visual Studio Solution File, Format Version 12.00
# Visual Studio Version 17
VisualStudioVersion = 17.7.34221.43
MinimumVisualStudioVersion = 10.0.40219.1
Project("{FAE04EC0-301F-11D3-BF4B-00C04F79EFBC}") = "TestProject1", "TestProject1\TestProject1.csproj", "{04C149F0-5B57-476A-A0DA-51D773B7582C}"
EndProject
Global
	GlobalSection(SolutionConfigurationPlatforms) = preSolution
		Debug|Any CPU = Debug|Any CPU
		Release|Any CPU = Release|Any CPU
	EndGlobalSection
	GlobalSection(ProjectConfigurationPlatforms) = postSolution
		{04C149F0-5B57-476A-A0DA-51D773B7582C}.Debug|Any CPU.ActiveCfg = Debug|Any CPU
		{04C149F0-5B57-476A-A0DA-51D773B7582C}.Debug|Any CPU.Build.0 = Debug|Any CPU
		{04C149F0-5B57-476A-A0DA-51D773B7582C}.Release|Any CPU.ActiveCfg = Release|Any CPU
		{04C149F0-5B57-476A-A0DA-51D773B7582C}.Release|Any CPU.Build.0 = Release|Any CPU
	EndGlobalSection
	GlobalSection(SolutionProperties) = preSolution
		HideSolutionNode = FALSE
	EndGlobalSection
	GlobalSection(ExtensibilityGlobals) = postSolution
		SolutionGuid = {617BE45F-C572-449B-A177-7FDD99E02A83}
	EndGlobalSection
EndGlobal
